
Microsoft Visual Studio Solution File, Format Version 12.00
# Visual Studio 15
VisualStudioVersion = 15.0.28307.136
MinimumVisualStudioVersion = 10.0.40219.1
Project("{8BC9CEB8-8B4A-11D0-8D11-00A0C91BC942}") = "Server", "Server\Server.vcxproj", "{24495F83-BA68-4F02-B158-A3C967D9641D}"
EndProject
Project("{8BC9CEB8-8B4A-11D0-8D11-00A0C91BC942}") = "Client", "..\Client\Client.vcxproj", "{A2202A08-3AFE-47E4-BE59-632B7262E7EA}"
EndProject
Global
	GlobalSection(SolutionConfigurationPlatforms) = preSolution
		Debug|x64 = Debug|x64
		Debug|x86 = Debug|x86
		Release|x64 = Release|x64
		Release|x86 = Release|x86
	EndGlobalSection
	GlobalSection(ProjectConfigurationPlatforms) = postSolution
		{24495F83-BA68-4F02-B158-A3C967D9641D}.Debug|x64.ActiveCfg = Debug|x64
		{24495F83-BA68-4F02-B158-A3C967D9641D}.Debug|x64.Build.0 = Debug|x64
		{24495F83-BA68-4F02-B158-A3C967D9641D}.Debug|x86.ActiveCfg = Debug|Win32
		{24495F83-BA68-4F02-B158-A3C967D9641D}.Debug|x86.Build.0 = Debug|Win32
		{24495F83-BA68-4F02-B158-A3C967D9641D}.Release|x64.ActiveCfg = Release|x64
		{24495F83-BA68-4F02-B158-A3C967D9641D}.Release|x64.Build.0 = Release|x64
		{24495F83-BA68-4F02-B158-A3C967D9641D}.Release|x86.ActiveCfg = Release|Win32
		{24495F83-BA68-4F02-B158-A3C967D9641D}.Release|x86.Build.0 = Release|Win32
		{A2202A08-3AFE-47E4-BE59-632B7262E7EA}.Debug|x64.ActiveCfg = Debug|x64
		{A2202A08-3AFE-47E4-BE59-632B7262E7EA}.Debug|x64.Build.0 = Debug|x64
		{A2202A08-3AFE-47E4-BE59-632B7262E7EA}.Debug|x86.ActiveCfg = Debug|Win32
		{A2202A08-3AFE-47E4-BE59-632B7262E7EA}.Debug|x86.Build.0 = Debug|Win32
		{A2202A08-3AFE-47E4-BE59-632B7262E7EA}.Release|x64.ActiveCfg = Release|x64
		{A2202A08-3AFE-47E4-BE59-632B7262E7EA}.Release|x64.Build.0 = Release|x64
		{A2202A08-3AFE-47E4-BE59-632B7262E7EA}.Release|x86.ActiveCfg = Release|Win32
		{A2202A08-3AFE-47E4-BE59-632B7262E7EA}.Release|x86.Build.0 = Release|Win32
	EndGlobalSection
	GlobalSection(SolutionProperties) = preSolution
		HideSolutionNode = FALSE
	EndGlobalSection
	GlobalSection(ExtensibilityGlobals) = postSolution
		SolutionGuid = {5B18C1DB-0D79-4DA9-A35B-AEF2C14DDA26}
	EndGlobalSection
EndGlobal
